
Microsoft Visual Studio Solution File, Format Version 12.00
# Visual Studio 15
VisualStudioVersion = 15.0.28307.329
MinimumVisualStudioVersion = 10.0.40219.1
Project("{FAE04EC0-301F-11D3-BF4B-00C04F79EFBC}") = "ForwardedHeadersMiddleware", "ForwardedHeadersMiddleware\ForwardedHeadersMiddleware.csproj", "{3C83994C-D510-4870-9348-5A19B01D8F31}"
EndProject
Global
	GlobalSection(SolutionConfigurationPlatforms) = preSolution
		Debug|Any CPU = Debug|Any CPU
		Release|Any CPU = Release|Any CPU
	EndGlobalSection
	GlobalSection(ProjectConfigurationPlatforms) = postSolution
		{3C83994C-D510-4870-9348-5A19B01D8F31}.Debug|Any CPU.ActiveCfg = Debug|Any CPU
		{3C83994C-D510-4870-9348-5A19B01D8F31}.Debug|Any CPU.Build.0 = Debug|Any CPU
		{3C83994C-D510-4870-9348-5A19B01D8F31}.Release|Any CPU.ActiveCfg = Release|Any CPU
		{3C83994C-D510-4870-9348-5A19B01D8F31}.Release|Any CPU.Build.0 = Release|Any CPU
	EndGlobalSection
	GlobalSection(SolutionProperties) = preSolution
		HideSolutionNode = FALSE
	EndGlobalSection
	GlobalSection(ExtensibilityGlobals) = postSolution
		SolutionGuid = {A56DD222-1FE7-456A-8C7E-8F30116CD737}
	EndGlobalSection
EndGlobal
